<Solution>
  <Configurations>
    <Platform Name="Any CPU" />
    <Platform Name="x64" />
    <Platform Name="x86" />
  </Configurations>
  <Project Path="KinectVisionLayer/KinectVisionLayer.vcxproj" Id="fb3f1d2a-ffba-47fa-a5ac-b3084520cc28" />
  <Project Path="TestKinectVisionLayer/TestKinectVisionLayer.vcxproj" Id="b555cff8-1a41-42ea-a502-c4874ace84f5" />
</Solution>
